
Microsoft Visual Studio Solution File, Format Version 12.00
Project("{FAE04EC0-301F-11D3-BF4B-00C04F79EFBC}") = "PassKee.Business", "PassKee.Business\PassKee.Business.csproj", "{2358BB82-2605-4B4A-BA89-A0889163151A}"
EndProject
Project("{FAE04EC0-301F-11D3-BF4B-00C04F79EFBC}") = "PassKee.Api", "PassKee.Api\PassKee.Api.csproj", "{0ECCFC71-642E-4451-A2F5-5415537A9BFF}"
EndProject
Project("{FAE04EC0-301F-11D3-BF4B-00C04F79EFBC}") = "PassKee.Business.Common", "PassKee.Business.Common\PassKee.Business.Common.csproj", "{4F5BC477-FB9C-4B81-900D-793FF4F06A1F}"
EndProject
Project("{FAE04EC0-301F-11D3-BF4B-00C04F79EFBC}") = "PassKee.Orm", "PassKee.Orm\PassKee.Orm.csproj", "{E7522672-FA6F-49C9-8E2E-FBFD2D1C5C46}"
EndProject
Project("{FAE04EC0-301F-11D3-BF4B-00C04F79EFBC}") = "PassKee.Web", "PassKee.Web\PassKee.Web.csproj", "{CA462909-FA59-4AC3-8A32-436F6183D73F}"
EndProject
Project("{FAE04EC0-301F-11D3-BF4B-00C04F79EFBC}") = "PassKee.Web.Server", "PassKee.Web.Server\PassKee.Web.Server.csproj", "{9DACD9A7-D56C-484A-A73E-D43FDEC1803A}"
EndProject
Project("{FAE04EC0-301F-11D3-BF4B-00C04F79EFBC}") = "Notification.Abstractions", "Notification.Abstractions\Notification.Abstractions.csproj", "{E51A1075-2D76-4988-AF2E-9569569E9FA6}"
EndProject
Project("{FAE04EC0-301F-11D3-BF4B-00C04F79EFBC}") = "Domain.Abstractions", "Domain.Abstractions\Domain.Abstractions.csproj", "{42BC4377-A346-47B1-B5AB-E67EE3AC95AF}"
EndProject
Project("{FAE04EC0-301F-11D3-BF4B-00C04F79EFBC}") = "PassKee.Business.Testing", "PassKee.Business.Testing\PassKee.Business.Testing.csproj", "{088DCE6B-1D07-4116-A83A-F62824AF7DDD}"
EndProject
Project("{FAE04EC0-301F-11D3-BF4B-00C04F79EFBC}") = "AspNetCore.ApiControllers.Abstractions", "AspNetCore.ApiControllers.Abstractions\AspNetCore.ApiControllers.Abstractions.csproj", "{D007C8AE-3D98-423B-A259-0E6E2A038CCE}"
EndProject
Project("{FAE04EC0-301F-11D3-BF4B-00C04F79EFBC}") = "Api.Requests.Abstractions", "Api.Requests.Abstractions\Api.Requests.Abstractions.csproj", "{A6DB3EEF-E96F-4462-9F85-248A98744C9A}"
EndProject
Project("{FAE04EC0-301F-11D3-BF4B-00C04F79EFBC}") = "PassKee.Tests.Integration.Api", "PassKee.Tests.Integration.Api\PassKee.Tests.Integration.Api.csproj", "{26A26513-1C90-4A7C-A734-75848EF8CD98}"
EndProject
Project("{FAE04EC0-301F-11D3-BF4B-00C04F79EFBC}") = "PassKee.Business.Notifications", "PassKee.Business.Notifications\PassKee.Business.Notifications.csproj", "{5AB367B5-D198-4421-B9D3-BB9691C52E24}"
EndProject
Project("{FAE04EC0-301F-11D3-BF4B-00C04F79EFBC}") = "PassKee.Business.Extensions", "PassKee.Business.Extensions\PassKee.Business.Extensions.csproj", "{A3DB4D4F-64D0-4618-AEB4-1A477A26E3D5}"
EndProject
Project("{FAE04EC0-301F-11D3-BF4B-00C04F79EFBC}") = "PassKee.WorkerServices", "PassKee.WorkerServices\PassKee.WorkerServices.csproj", "{E4DC37B9-A646-44FC-A555-046F5AEE94DC}"
EndProject
Project("{FAE04EC0-301F-11D3-BF4B-00C04F79EFBC}") = "PassKee.Api.Shared", "PassKee.Api.Shared\PassKee.Api.Shared.csproj", "{0802863B-357E-4C51-BB5B-DED7D130A8A9}"
EndProject
Project("{FAE04EC0-301F-11D3-BF4B-00C04F79EFBC}") = "PassKee.Migrations", "PassKee.Migrations\PassKee.Migrations.csproj", "{0B32D7C3-F94E-467B-9EDC-4EFC8AF0DD43}"
EndProject
Project("{FAE04EC0-301F-11D3-BF4B-00C04F79EFBC}") = "AspNetCore.ApiControllers.Extensions", "AspNetCore.ApiControllers.Extensions\AspNetCore.ApiControllers.Extensions.csproj", "{D73A22E5-FF2C-4283-823A-32D8D4139546}"
EndProject
Project("{FAE04EC0-301F-11D3-BF4B-00C04F79EFBC}") = "Persistence.Transactions.Behaviors", "Persistence.Transactions.Behaviors\Persistence.Transactions.Behaviors.csproj", "{DE29F072-B88E-42B1-8377-FB98668350DF}"
EndProject
Project("{FAE04EC0-301F-11D3-BF4B-00C04F79EFBC}") = "Api.Requests.Base", "Api.Requests.Base\Api.Requests.Base.csproj", "{CB9D9AF1-57EC-4B20-B02F-CF22EE7ED2E2}"
EndProject
Project("{FAE04EC0-301F-11D3-BF4B-00C04F79EFBC}") = "PassKee.Business.Clients", "PassKee.Business.Clients\PassKee.Business.Clients.csproj", "{EF34A5C0-BCDE-4499-8958-9FF9C175E247}"
EndProject
Project("{2150E333-8FDC-42A3-9474-1A3956D46DE8}") = "Infrastructure", "Infrastructure", "{F68C9B86-0237-04C5-AA20-7E8075A1DBB5}"
EndProject
Project("{2150E333-8FDC-42A3-9474-1A3956D46DE8}") = "Tests", "Tests", "{2C0AB0F8-48BE-8086-6893-5891D084EB51}"
EndProject
Project("{FAE04EC0-301F-11D3-BF4B-00C04F79EFBC}") = "PassKee.Tests.Unit", "PassKee.Tests.Unit\PassKee.Tests.Unit.csproj", "{E89E9B64-A22C-4225-9698-340134FC944E}"
EndProject
Project("{FAE04EC0-301F-11D3-BF4B-00C04F79EFBC}") = "PassKee.Web.Core", "PassKee.Web.Core\PassKee.Web.Core.csproj", "{A7D687B6-5D36-44A5-8F44-6C6136A0BF54}"
EndProject
Global
	GlobalSection(SolutionConfigurationPlatforms) = preSolution
		Debug|Any CPU = Debug|Any CPU
		Debug|x64 = Debug|x64
		Debug|x86 = Debug|x86
		Release|Any CPU = Release|Any CPU
		Release|x64 = Release|x64
		Release|x86 = Release|x86
	EndGlobalSection
	GlobalSection(ProjectConfigurationPlatforms) = postSolution
		{2358BB82-2605-4B4A-BA89-A0889163151A}.Debug|Any CPU.ActiveCfg = Debug|Any CPU
		{2358BB82-2605-4B4A-BA89-A0889163151A}.Debug|Any CPU.Build.0 = Debug|Any CPU
		{2358BB82-2605-4B4A-BA89-A0889163151A}.Debug|x64.ActiveCfg = Debug|Any CPU
		{2358BB82-2605-4B4A-BA89-A0889163151A}.Debug|x64.Build.0 = Debug|Any CPU
		{2358BB82-2605-4B4A-BA89-A0889163151A}.Debug|x86.ActiveCfg = Debug|Any CPU
		{2358BB82-2605-4B4A-BA89-A0889163151A}.Debug|x86.Build.0 = Debug|Any CPU
		{2358BB82-2605-4B4A-BA89-A0889163151A}.Release|Any CPU.ActiveCfg = Release|Any CPU
		{2358BB82-2605-4B4A-BA89-A0889163151A}.Release|Any CPU.Build.0 = Release|Any CPU
		{2358BB82-2605-4B4A-BA89-A0889163151A}.Release|x64.ActiveCfg = Release|Any CPU
		{2358BB82-2605-4B4A-BA89-A0889163151A}.Release|x64.Build.0 = Release|Any CPU
		{2358BB82-2605-4B4A-BA89-A0889163151A}.Release|x86.ActiveCfg = Release|Any CPU
		{2358BB82-2605-4B4A-BA89-A0889163151A}.Release|x86.Build.0 = Release|Any CPU
		{0ECCFC71-642E-4451-A2F5-5415537A9BFF}.Debug|Any CPU.ActiveCfg = Debug|Any CPU
		{0ECCFC71-642E-4451-A2F5-5415537A9BFF}.Debug|Any CPU.Build.0 = Debug|Any CPU
		{0ECCFC71-642E-4451-A2F5-5415537A9BFF}.Debug|x64.ActiveCfg = Debug|Any CPU
		{0ECCFC71-642E-4451-A2F5-5415537A9BFF}.Debug|x64.Build.0 = Debug|Any CPU
		{0ECCFC71-642E-4451-A2F5-5415537A9BFF}.Debug|x86.ActiveCfg = Debug|Any CPU
		{0ECCFC71-642E-4451-A2F5-5415537A9BFF}.Debug|x86.Build.0 = Debug|Any CPU
		{0ECCFC71-642E-4451-A2F5-5415537A9BFF}.Release|Any CPU.ActiveCfg = Release|Any CPU
		{0ECCFC71-642E-4451-A2F5-5415537A9BFF}.Release|Any CPU.Build.0 = Release|Any CPU
		{0ECCFC71-642E-4451-A2F5-5415537A9BFF}.Release|x64.ActiveCfg = Release|Any CPU
		{0ECCFC71-642E-4451-A2F5-5415537A9BFF}.Release|x64.Build.0 = Release|Any CPU
		{0ECCFC71-642E-4451-A2F5-5415537A9BFF}.Release|x86.ActiveCfg = Release|Any CPU
		{0ECCFC71-642E-4451-A2F5-5415537A9BFF}.Release|x86.Build.0 = Release|Any CPU
		{4F5BC477-FB9C-4B81-900D-793FF4F06A1F}.Debug|Any CPU.ActiveCfg = Debug|Any CPU
		{4F5BC477-FB9C-4B81-900D-793FF4F06A1F}.Debug|Any CPU.Build.0 = Debug|Any CPU
		{4F5BC477-FB9C-4B81-900D-793FF4F06A1F}.Debug|x64.ActiveCfg = Debug|Any CPU
		{4F5BC477-FB9C-4B81-900D-793FF4F06A1F}.Debug|x64.Build.0 = Debug|Any CPU
		{4F5BC477-FB9C-4B81-900D-793FF4F06A1F}.Debug|x86.ActiveCfg = Debug|Any CPU
		{4F5BC477-FB9C-4B81-900D-793FF4F06A1F}.Debug|x86.Build.0 = Debug|Any CPU
		{4F5BC477-FB9C-4B81-900D-793FF4F06A1F}.Release|Any CPU.ActiveCfg = Release|Any CPU
		{4F5BC477-FB9C-4B81-900D-793FF4F06A1F}.Release|Any CPU.Build.0 = Release|Any CPU
		{4F5BC477-FB9C-4B81-900D-793FF4F06A1F}.Release|x64.ActiveCfg = Release|Any CPU
		{4F5BC477-FB9C-4B81-900D-793FF4F06A1F}.Release|x64.Build.0 = Release|Any CPU
		{4F5BC477-FB9C-4B81-900D-793FF4F06A1F}.Release|x86.ActiveCfg = Release|Any CPU
		{4F5BC477-FB9C-4B81-900D-793FF4F06A1F}.Release|x86.Build.0 = Release|Any CPU
		{E7522672-FA6F-49C9-8E2E-FBFD2D1C5C46}.Debug|Any CPU.ActiveCfg = Debug|Any CPU
		{E7522672-FA6F-49C9-8E2E-FBFD2D1C5C46}.Debug|Any CPU.Build.0 = Debug|Any CPU
		{E7522672-FA6F-49C9-8E2E-FBFD2D1C5C46}.Debug|x64.ActiveCfg = Debug|Any CPU
		{E7522672-FA6F-49C9-8E2E-FBFD2D1C5C46}.Debug|x64.Build.0 = Debug|Any CPU
		{E7522672-FA6F-49C9-8E2E-FBFD2D1C5C46}.Debug|x86.ActiveCfg = Debug|Any CPU
		{E7522672-FA6F-49C9-8E2E-FBFD2D1C5C46}.Debug|x86.Build.0 = Debug|Any CPU
		{E7522672-FA6F-49C9-8E2E-FBFD2D1C5C46}.Release|Any CPU.ActiveCfg = Release|Any CPU
		{E7522672-FA6F-49C9-8E2E-FBFD2D1C5C46}.Release|Any CPU.Build.0 = Release|Any CPU
		{E7522672-FA6F-49C9-8E2E-FBFD2D1C5C46}.Release|x64.ActiveCfg = Release|Any CPU
		{E7522672-FA6F-49C9-8E2E-FBFD2D1C5C46}.Release|x64.Build.0 = Release|Any CPU
		{E7522672-FA6F-49C9-8E2E-FBFD2D1C5C46}.Release|x86.ActiveCfg = Release|Any CPU
		{E7522672-FA6F-49C9-8E2E-FBFD2D1C5C46}.Release|x86.Build.0 = Release|Any CPU
		{CA462909-FA59-4AC3-8A32-436F6183D73F}.Debug|Any CPU.ActiveCfg = Debug|Any CPU
		{CA462909-FA59-4AC3-8A32-436F6183D73F}.Debug|Any CPU.Build.0 = Debug|Any CPU
		{CA462909-FA59-4AC3-8A32-436F6183D73F}.Debug|x64.ActiveCfg = Debug|Any CPU
		{CA462909-FA59-4AC3-8A32-436F6183D73F}.Debug|x64.Build.0 = Debug|Any CPU
		{CA462909-FA59-4AC3-8A32-436F6183D73F}.Debug|x86.ActiveCfg = Debug|Any CPU
		{CA462909-FA59-4AC3-8A32-436F6183D73F}.Debug|x86.Build.0 = Debug|Any CPU
		{CA462909-FA59-4AC3-8A32-436F6183D73F}.Release|Any CPU.ActiveCfg = Release|Any CPU
		{CA462909-FA59-4AC3-8A32-436F6183D73F}.Release|Any CPU.Build.0 = Release|Any CPU
		{CA462909-FA59-4AC3-8A32-436F6183D73F}.Release|x64.ActiveCfg = Release|Any CPU
		{CA462909-FA59-4AC3-8A32-436F6183D73F}.Release|x64.Build.0 = Release|Any CPU
		{CA462909-FA59-4AC3-8A32-436F6183D73F}.Release|x86.ActiveCfg = Release|Any CPU
		{CA462909-FA59-4AC3-8A32-436F6183D73F}.Release|x86.Build.0 = Release|Any CPU
		{9DACD9A7-D56C-484A-A73E-D43FDEC1803A}.Debug|Any CPU.ActiveCfg = Debug|Any CPU
		{9DACD9A7-D56C-484A-A73E-D43FDEC1803A}.Debug|Any CPU.Build.0 = Debug|Any CPU
		{9DACD9A7-D56C-484A-A73E-D43FDEC1803A}.Debug|x64.ActiveCfg = Debug|Any CPU
		{9DACD9A7-D56C-484A-A73E-D43FDEC1803A}.Debug|x64.Build.0 = Debug|Any CPU
		{9DACD9A7-D56C-484A-A73E-D43FDEC1803A}.Debug|x86.ActiveCfg = Debug|Any CPU
		{9DACD9A7-D56C-484A-A73E-D43FDEC1803A}.Debug|x86.Build.0 = Debug|Any CPU
		{9DACD9A7-D56C-484A-A73E-D43FDEC1803A}.Release|Any CPU.ActiveCfg = Release|Any CPU
		{9DACD9A7-D56C-484A-A73E-D43FDEC1803A}.Release|Any CPU.Build.0 = Release|Any CPU
		{9DACD9A7-D56C-484A-A73E-D43FDEC1803A}.Release|x64.ActiveCfg = Release|Any CPU
		{9DACD9A7-D56C-484A-A73E-D43FDEC1803A}.Release|x64.Build.0 = Release|Any CPU
		{9DACD9A7-D56C-484A-A73E-D43FDEC1803A}.Release|x86.ActiveCfg = Release|Any CPU
		{9DACD9A7-D56C-484A-A73E-D43FDEC1803A}.Release|x86.Build.0 = Release|Any CPU
		{E51A1075-2D76-4988-AF2E-9569569E9FA6}.Debug|Any CPU.ActiveCfg = Debug|Any CPU
		{E51A1075-2D76-4988-AF2E-9569569E9FA6}.Debug|Any CPU.Build.0 = Debug|Any CPU
		{E51A1075-2D76-4988-AF2E-9569569E9FA6}.Debug|x64.ActiveCfg = Debug|Any CPU
		{E51A1075-2D76-4988-AF2E-9569569E9FA6}.Debug|x64.Build.0 = Debug|Any CPU
		{E51A1075-2D76-4988-AF2E-9569569E9FA6}.Debug|x86.ActiveCfg = Debug|Any CPU
		{E51A1075-2D76-4988-AF2E-9569569E9FA6}.Debug|x86.Build.0 = Debug|Any CPU
		{E51A1075-2D76-4988-AF2E-9569569E9FA6}.Release|Any CPU.ActiveCfg = Release|Any CPU
		{E51A1075-2D76-4988-AF2E-9569569E9FA6}.Release|Any CPU.Build.0 = Release|Any CPU
		{E51A1075-2D76-4988-AF2E-9569569E9FA6}.Release|x64.ActiveCfg = Release|Any CPU
		{E51A1075-2D76-4988-AF2E-9569569E9FA6}.Release|x64.Build.0 = Release|Any CPU
		{E51A1075-2D76-4988-AF2E-9569569E9FA6}.Release|x86.ActiveCfg = Release|Any CPU
		{E51A1075-2D76-4988-AF2E-9569569E9FA6}.Release|x86.Build.0 = Release|Any CPU
		{42BC4377-A346-47B1-B5AB-E67EE3AC95AF}.Debug|Any CPU.ActiveCfg = Debug|Any CPU
		{42BC4377-A346-47B1-B5AB-E67EE3AC95AF}.Debug|Any CPU.Build.0 = Debug|Any CPU
		{42BC4377-A346-47B1-B5AB-E67EE3AC95AF}.Debug|x64.ActiveCfg = Debug|Any CPU
		{42BC4377-A346-47B1-B5AB-E67EE3AC95AF}.Debug|x64.Build.0 = Debug|Any CPU
		{42BC4377-A346-47B1-B5AB-E67EE3AC95AF}.Debug|x86.ActiveCfg = Debug|Any CPU
		{42BC4377-A346-47B1-B5AB-E67EE3AC95AF}.Debug|x86.Build.0 = Debug|Any CPU
		{42BC4377-A346-47B1-B5AB-E67EE3AC95AF}.Release|Any CPU.ActiveCfg = Release|Any CPU
		{42BC4377-A346-47B1-B5AB-E67EE3AC95AF}.Release|Any CPU.Build.0 = Release|Any CPU
		{42BC4377-A346-47B1-B5AB-E67EE3AC95AF}.Release|x64.ActiveCfg = Release|Any CPU
		{42BC4377-A346-47B1-B5AB-E67EE3AC95AF}.Release|x64.Build.0 = Release|Any CPU
		{42BC4377-A346-47B1-B5AB-E67EE3AC95AF}.Release|x86.ActiveCfg = Release|Any CPU
		{42BC4377-A346-47B1-B5AB-E67EE3AC95AF}.Release|x86.Build.0 = Release|Any CPU
		{088DCE6B-1D07-4116-A83A-F62824AF7DDD}.Debug|Any CPU.ActiveCfg = Debug|Any CPU
		{088DCE6B-1D07-4116-A83A-F62824AF7DDD}.Debug|Any CPU.Build.0 = Debug|Any CPU
		{088DCE6B-1D07-4116-A83A-F62824AF7DDD}.Debug|x64.ActiveCfg = Debug|Any CPU
		{088DCE6B-1D07-4116-A83A-F62824AF7DDD}.Debug|x64.Build.0 = Debug|Any CPU
		{088DCE6B-1D07-4116-A83A-F62824AF7DDD}.Debug|x86.ActiveCfg = Debug|Any CPU
		{088DCE6B-1D07-4116-A83A-F62824AF7DDD}.Debug|x86.Build.0 = Debug|Any CPU
		{088DCE6B-1D07-4116-A83A-F62824AF7DDD}.Release|Any CPU.ActiveCfg = Release|Any CPU
		{088DCE6B-1D07-4116-A83A-F62824AF7DDD}.Release|Any CPU.Build.0 = Release|Any CPU
		{088DCE6B-1D07-4116-A83A-F62824AF7DDD}.Release|x64.ActiveCfg = Release|Any CPU
		{088DCE6B-1D07-4116-A83A-F62824AF7DDD}.Release|x64.Build.0 = Release|Any CPU
		{088DCE6B-1D07-4116-A83A-F62824AF7DDD}.Release|x86.ActiveCfg = Release|Any CPU
		{088DCE6B-1D07-4116-A83A-F62824AF7DDD}.Release|x86.Build.0 = Release|Any CPU
		{D007C8AE-3D98-423B-A259-0E6E2A038CCE}.Debug|Any CPU.ActiveCfg = Debug|Any CPU
		{D007C8AE-3D98-423B-A259-0E6E2A038CCE}.Debug|Any CPU.Build.0 = Debug|Any CPU
		{D007C8AE-3D98-423B-A259-0E6E2A038CCE}.Debug|x64.ActiveCfg = Debug|Any CPU
		{D007C8AE-3D98-423B-A259-0E6E2A038CCE}.Debug|x64.Build.0 = Debug|Any CPU
		{D007C8AE-3D98-423B-A259-0E6E2A038CCE}.Debug|x86.ActiveCfg = Debug|Any CPU
		{D007C8AE-3D98-423B-A259-0E6E2A038CCE}.Debug|x86.Build.0 = Debug|Any CPU
		{D007C8AE-3D98-423B-A259-0E6E2A038CCE}.Release|Any CPU.ActiveCfg = Release|Any CPU
		{D007C8AE-3D98-423B-A259-0E6E2A038CCE}.Release|Any CPU.Build.0 = Release|Any CPU
		{D007C8AE-3D98-423B-A259-0E6E2A038CCE}.Release|x64.ActiveCfg = Release|Any CPU
		{D007C8AE-3D98-423B-A259-0E6E2A038CCE}.Release|x64.Build.0 = Release|Any CPU
		{D007C8AE-3D98-423B-A259-0E6E2A038CCE}.Release|x86.ActiveCfg = Release|Any CPU
		{D007C8AE-3D98-423B-A259-0E6E2A038CCE}.Release|x86.Build.0 = Release|Any CPU
		{A6DB3EEF-E96F-4462-9F85-248A98744C9A}.Debug|Any CPU.ActiveCfg = Debug|Any CPU
		{A6DB3EEF-E96F-4462-9F85-248A98744C9A}.Debug|Any CPU.Build.0 = Debug|Any CPU
		{A6DB3EEF-E96F-4462-9F85-248A98744C9A}.Debug|x64.ActiveCfg = Debug|Any CPU
		{A6DB3EEF-E96F-4462-9F85-248A98744C9A}.Debug|x64.Build.0 = Debug|Any CPU
		{A6DB3EEF-E96F-4462-9F85-248A98744C9A}.Debug|x86.ActiveCfg = Debug|Any CPU
		{A6DB3EEF-E96F-4462-9F85-248A98744C9A}.Debug|x86.Build.0 = Debug|Any CPU
		{A6DB3EEF-E96F-4462-9F85-248A98744C9A}.Release|Any CPU.ActiveCfg = Release|Any CPU
		{A6DB3EEF-E96F-4462-9F85-248A98744C9A}.Release|Any CPU.Build.0 = Release|Any CPU
		{A6DB3EEF-E96F-4462-9F85-248A98744C9A}.Release|x64.ActiveCfg = Release|Any CPU
		{A6DB3EEF-E96F-4462-9F85-248A98744C9A}.Release|x64.Build.0 = Release|Any CPU
		{A6DB3EEF-E96F-4462-9F85-248A98744C9A}.Release|x86.ActiveCfg = Release|Any CPU
		{A6DB3EEF-E96F-4462-9F85-248A98744C9A}.Release|x86.Build.0 = Release|Any CPU
		{26A26513-1C90-4A7C-A734-75848EF8CD98}.Debug|Any CPU.ActiveCfg = Debug|Any CPU
		{26A26513-1C90-4A7C-A734-75848EF8CD98}.Debug|Any CPU.Build.0 = Debug|Any CPU
		{26A26513-1C90-4A7C-A734-75848EF8CD98}.Debug|x64.ActiveCfg = Debug|Any CPU
		{26A26513-1C90-4A7C-A734-75848EF8CD98}.Debug|x64.Build.0 = Debug|Any CPU
		{26A26513-1C90-4A7C-A734-75848EF8CD98}.Debug|x86.ActiveCfg = Debug|Any CPU
		{26A26513-1C90-4A7C-A734-75848EF8CD98}.Debug|x86.Build.0 = Debug|Any CPU
		{26A26513-1C90-4A7C-A734-75848EF8CD98}.Release|Any CPU.ActiveCfg = Release|Any CPU
		{26A26513-1C90-4A7C-A734-75848EF8CD98}.Release|Any CPU.Build.0 = Release|Any CPU
		{26A26513-1C90-4A7C-A734-75848EF8CD98}.Release|x64.ActiveCfg = Release|Any CPU
		{26A26513-1C90-4A7C-A734-75848EF8CD98}.Release|x64.Build.0 = Release|Any CPU
		{26A26513-1C90-4A7C-A734-75848EF8CD98}.Release|x86.ActiveCfg = Release|Any CPU
		{26A26513-1C90-4A7C-A734-75848EF8CD98}.Release|x86.Build.0 = Release|Any CPU
		{5AB367B5-D198-4421-B9D3-BB9691C52E24}.Debug|Any CPU.ActiveCfg = Debug|Any CPU
		{5AB367B5-D198-4421-B9D3-BB9691C52E24}.Debug|Any CPU.Build.0 = Debug|Any CPU
		{5AB367B5-D198-4421-B9D3-BB9691C52E24}.Debug|x64.ActiveCfg = Debug|Any CPU
		{5AB367B5-D198-4421-B9D3-BB9691C52E24}.Debug|x64.Build.0 = Debug|Any CPU
		{5AB367B5-D198-4421-B9D3-BB9691C52E24}.Debug|x86.ActiveCfg = Debug|Any CPU
		{5AB367B5-D198-4421-B9D3-BB9691C52E24}.Debug|x86.Build.0 = Debug|Any CPU
		{5AB367B5-D198-4421-B9D3-BB9691C52E24}.Release|Any CPU.ActiveCfg = Release|Any CPU
		{5AB367B5-D198-4421-B9D3-BB9691C52E24}.Release|Any CPU.Build.0 = Release|Any CPU
		{5AB367B5-D198-4421-B9D3-BB9691C52E24}.Release|x64.ActiveCfg = Release|Any CPU
		{5AB367B5-D198-4421-B9D3-BB9691C52E24}.Release|x64.Build.0 = Release|Any CPU
		{5AB367B5-D198-4421-B9D3-BB9691C52E24}.Release|x86.ActiveCfg = Release|Any CPU
		{5AB367B5-D198-4421-B9D3-BB9691C52E24}.Release|x86.Build.0 = Release|Any CPU
		{A3DB4D4F-64D0-4618-AEB4-1A477A26E3D5}.Debug|Any CPU.ActiveCfg = Debug|Any CPU
		{A3DB4D4F-64D0-4618-AEB4-1A477A26E3D5}.Debug|Any CPU.Build.0 = Debug|Any CPU
		{A3DB4D4F-64D0-4618-AEB4-1A477A26E3D5}.Debug|x64.ActiveCfg = Debug|Any CPU
		{A3DB4D4F-64D0-4618-AEB4-1A477A26E3D5}.Debug|x64.Build.0 = Debug|Any CPU
		{A3DB4D4F-64D0-4618-AEB4-1A477A26E3D5}.Debug|x86.ActiveCfg = Debug|Any CPU
		{A3DB4D4F-64D0-4618-AEB4-1A477A26E3D5}.Debug|x86.Build.0 = Debug|Any CPU
		{A3DB4D4F-64D0-4618-AEB4-1A477A26E3D5}.Release|Any CPU.ActiveCfg = Release|Any CPU
		{A3DB4D4F-64D0-4618-AEB4-1A477A26E3D5}.Release|Any CPU.Build.0 = Release|Any CPU
		{A3DB4D4F-64D0-4618-AEB4-1A477A26E3D5}.Release|x64.ActiveCfg = Release|Any CPU
		{A3DB4D4F-64D0-4618-AEB4-1A477A26E3D5}.Release|x64.Build.0 = Release|Any CPU
		{A3DB4D4F-64D0-4618-AEB4-1A477A26E3D5}.Release|x86.ActiveCfg = Release|Any CPU
		{A3DB4D4F-64D0-4618-AEB4-1A477A26E3D5}.Release|x86.Build.0 = Release|Any CPU
		{E4DC37B9-A646-44FC-A555-046F5AEE94DC}.Debug|Any CPU.ActiveCfg = Debug|Any CPU
		{E4DC37B9-A646-44FC-A555-046F5AEE94DC}.Debug|Any CPU.Build.0 = Debug|Any CPU
		{E4DC37B9-A646-44FC-A555-046F5AEE94DC}.Debug|x64.ActiveCfg = Debug|Any CPU
		{E4DC37B9-A646-44FC-A555-046F5AEE94DC}.Debug|x64.Build.0 = Debug|Any CPU
		{E4DC37B9-A646-44FC-A555-046F5AEE94DC}.Debug|x86.ActiveCfg = Debug|Any CPU
		{E4DC37B9-A646-44FC-A555-046F5AEE94DC}.Debug|x86.Build.0 = Debug|Any CPU
		{E4DC37B9-A646-44FC-A555-046F5AEE94DC}.Release|Any CPU.ActiveCfg = Release|Any CPU
		{E4DC37B9-A646-44FC-A555-046F5AEE94DC}.Release|Any CPU.Build.0 = Release|Any CPU
		{E4DC37B9-A646-44FC-A555-046F5AEE94DC}.Release|x64.ActiveCfg = Release|Any CPU
		{E4DC37B9-A646-44FC-A555-046F5AEE94DC}.Release|x64.Build.0 = Release|Any CPU
		{E4DC37B9-A646-44FC-A555-046F5AEE94DC}.Release|x86.ActiveCfg = Release|Any CPU
		{E4DC37B9-A646-44FC-A555-046F5AEE94DC}.Release|x86.Build.0 = Release|Any CPU
		{0802863B-357E-4C51-BB5B-DED7D130A8A9}.Debug|Any CPU.ActiveCfg = Debug|Any CPU
		{0802863B-357E-4C51-BB5B-DED7D130A8A9}.Debug|Any CPU.Build.0 = Debug|Any CPU
		{0802863B-357E-4C51-BB5B-DED7D130A8A9}.Debug|x64.ActiveCfg = Debug|Any CPU
		{0802863B-357E-4C51-BB5B-DED7D130A8A9}.Debug|x64.Build.0 = Debug|Any CPU
		{0802863B-357E-4C51-BB5B-DED7D130A8A9}.Debug|x86.ActiveCfg = Debug|Any CPU
		{0802863B-357E-4C51-BB5B-DED7D130A8A9}.Debug|x86.Build.0 = Debug|Any CPU
		{0802863B-357E-4C51-BB5B-DED7D130A8A9}.Release|Any CPU.ActiveCfg = Release|Any CPU
		{0802863B-357E-4C51-BB5B-DED7D130A8A9}.Release|Any CPU.Build.0 = Release|Any CPU
		{0802863B-357E-4C51-BB5B-DED7D130A8A9}.Release|x64.ActiveCfg = Release|Any CPU
		{0802863B-357E-4C51-BB5B-DED7D130A8A9}.Release|x64.Build.0 = Release|Any CPU
		{0802863B-357E-4C51-BB5B-DED7D130A8A9}.Release|x86.ActiveCfg = Release|Any CPU
		{0802863B-357E-4C51-BB5B-DED7D130A8A9}.Release|x86.Build.0 = Release|Any CPU
		{0B32D7C3-F94E-467B-9EDC-4EFC8AF0DD43}.Debug|Any CPU.ActiveCfg = Debug|Any CPU
		{0B32D7C3-F94E-467B-9EDC-4EFC8AF0DD43}.Debug|Any CPU.Build.0 = Debug|Any CPU
		{0B32D7C3-F94E-467B-9EDC-4EFC8AF0DD43}.Debug|x64.ActiveCfg = Debug|Any CPU
		{0B32D7C3-F94E-467B-9EDC-4EFC8AF0DD43}.Debug|x64.Build.0 = Debug|Any CPU
		{0B32D7C3-F94E-467B-9EDC-4EFC8AF0DD43}.Debug|x86.ActiveCfg = Debug|Any CPU
		{0B32D7C3-F94E-467B-9EDC-4EFC8AF0DD43}.Debug|x86.Build.0 = Debug|Any CPU
		{0B32D7C3-F94E-467B-9EDC-4EFC8AF0DD43}.Release|Any CPU.ActiveCfg = Release|Any CPU
		{0B32D7C3-F94E-467B-9EDC-4EFC8AF0DD43}.Release|Any CPU.Build.0 = Release|Any CPU
		{0B32D7C3-F94E-467B-9EDC-4EFC8AF0DD43}.Release|x64.ActiveCfg = Release|Any CPU
		{0B32D7C3-F94E-467B-9EDC-4EFC8AF0DD43}.Release|x64.Build.0 = Release|Any CPU
		{0B32D7C3-F94E-467B-9EDC-4EFC8AF0DD43}.Release|x86.ActiveCfg = Release|Any CPU
		{0B32D7C3-F94E-467B-9EDC-4EFC8AF0DD43}.Release|x86.Build.0 = Release|Any CPU
		{D73A22E5-FF2C-4283-823A-32D8D4139546}.Debug|Any CPU.ActiveCfg = Debug|Any CPU
		{D73A22E5-FF2C-4283-823A-32D8D4139546}.Debug|Any CPU.Build.0 = Debug|Any CPU
		{D73A22E5-FF2C-4283-823A-32D8D4139546}.Debug|x64.ActiveCfg = Debug|Any CPU
		{D73A22E5-FF2C-4283-823A-32D8D4139546}.Debug|x64.Build.0 = Debug|Any CPU
		{D73A22E5-FF2C-4283-823A-32D8D4139546}.Debug|x86.ActiveCfg = Debug|Any CPU
		{D73A22E5-FF2C-4283-823A-32D8D4139546}.Debug|x86.Build.0 = Debug|Any CPU
		{D73A22E5-FF2C-4283-823A-32D8D4139546}.Release|Any CPU.ActiveCfg = Release|Any CPU
		{D73A22E5-FF2C-4283-823A-32D8D4139546}.Release|Any CPU.Build.0 = Release|Any CPU
		{D73A22E5-FF2C-4283-823A-32D8D4139546}.Release|x64.ActiveCfg = Release|Any CPU
		{D73A22E5-FF2C-4283-823A-32D8D4139546}.Release|x64.Build.0 = Release|Any CPU
		{D73A22E5-FF2C-4283-823A-32D8D4139546}.Release|x86.ActiveCfg = Release|Any CPU
		{D73A22E5-FF2C-4283-823A-32D8D4139546}.Release|x86.Build.0 = Release|Any CPU
		{DE29F072-B88E-42B1-8377-FB98668350DF}.Debug|Any CPU.ActiveCfg = Debug|Any CPU
		{DE29F072-B88E-42B1-8377-FB98668350DF}.Debug|Any CPU.Build.0 = Debug|Any CPU
		{DE29F072-B88E-42B1-8377-FB98668350DF}.Debug|x64.ActiveCfg = Debug|Any CPU
		{DE29F072-B88E-42B1-8377-FB98668350DF}.Debug|x64.Build.0 = Debug|Any CPU
		{DE29F072-B88E-42B1-8377-FB98668350DF}.Debug|x86.ActiveCfg = Debug|Any CPU
		{DE29F072-B88E-42B1-8377-FB98668350DF}.Debug|x86.Build.0 = Debug|Any CPU
		{DE29F072-B88E-42B1-8377-FB98668350DF}.Release|Any CPU.ActiveCfg = Release|Any CPU
		{DE29F072-B88E-42B1-8377-FB98668350DF}.Release|Any CPU.Build.0 = Release|Any CPU
		{DE29F072-B88E-42B1-8377-FB98668350DF}.Release|x64.ActiveCfg = Release|Any CPU
		{DE29F072-B88E-42B1-8377-FB98668350DF}.Release|x64.Build.0 = Release|Any CPU
		{DE29F072-B88E-42B1-8377-FB98668350DF}.Release|x86.ActiveCfg = Release|Any CPU
		{DE29F072-B88E-42B1-8377-FB98668350DF}.Release|x86.Build.0 = Release|Any CPU
		{CB9D9AF1-57EC-4B20-B02F-CF22EE7ED2E2}.Debug|Any CPU.ActiveCfg = Debug|Any CPU
		{CB9D9AF1-57EC-4B20-B02F-CF22EE7ED2E2}.Debug|Any CPU.Build.0 = Debug|Any CPU
		{CB9D9AF1-57EC-4B20-B02F-CF22EE7ED2E2}.Debug|x64.ActiveCfg = Debug|Any CPU
		{CB9D9AF1-57EC-4B20-B02F-CF22EE7ED2E2}.Debug|x64.Build.0 = Debug|Any CPU
		{CB9D9AF1-57EC-4B20-B02F-CF22EE7ED2E2}.Debug|x86.ActiveCfg = Debug|Any CPU
		{CB9D9AF1-57EC-4B20-B02F-CF22EE7ED2E2}.Debug|x86.Build.0 = Debug|Any CPU
		{CB9D9AF1-57EC-4B20-B02F-CF22EE7ED2E2}.Release|Any CPU.ActiveCfg = Release|Any CPU
		{CB9D9AF1-57EC-4B20-B02F-CF22EE7ED2E2}.Release|Any CPU.Build.0 = Release|Any CPU
		{CB9D9AF1-57EC-4B20-B02F-CF22EE7ED2E2}.Release|x64.ActiveCfg = Release|Any CPU
		{CB9D9AF1-57EC-4B20-B02F-CF22EE7ED2E2}.Release|x64.Build.0 = Release|Any CPU
		{CB9D9AF1-57EC-4B20-B02F-CF22EE7ED2E2}.Release|x86.ActiveCfg = Release|Any CPU
		{CB9D9AF1-57EC-4B20-B02F-CF22EE7ED2E2}.Release|x86.Build.0 = Release|Any CPU
		{EF34A5C0-BCDE-4499-8958-9FF9C175E247}.Debug|Any CPU.ActiveCfg = Debug|Any CPU
		{EF34A5C0-BCDE-4499-8958-9FF9C175E247}.Debug|Any CPU.Build.0 = Debug|Any CPU
		{EF34A5C0-BCDE-4499-8958-9FF9C175E247}.Debug|x64.ActiveCfg = Debug|Any CPU
		{EF34A5C0-BCDE-4499-8958-9FF9C175E247}.Debug|x64.Build.0 = Debug|Any CPU
		{EF34A5C0-BCDE-4499-8958-9FF9C175E247}.Debug|x86.ActiveCfg = Debug|Any CPU
		{EF34A5C0-BCDE-4499-8958-9FF9C175E247}.Debug|x86.Build.0 = Debug|Any CPU
		{EF34A5C0-BCDE-4499-8958-9FF9C175E247}.Release|Any CPU.ActiveCfg = Release|Any CPU
		{EF34A5C0-BCDE-4499-8958-9FF9C175E247}.Release|Any CPU.Build.0 = Release|Any CPU
		{EF34A5C0-BCDE-4499-8958-9FF9C175E247}.Release|x64.ActiveCfg = Release|Any CPU
		{EF34A5C0-BCDE-4499-8958-9FF9C175E247}.Release|x64.Build.0 = Release|Any CPU
		{EF34A5C0-BCDE-4499-8958-9FF9C175E247}.Release|x86.ActiveCfg = Release|Any CPU
		{EF34A5C0-BCDE-4499-8958-9FF9C175E247}.Release|x86.Build.0 = Release|Any CPU
		{E89E9B64-A22C-4225-9698-340134FC944E}.Debug|Any CPU.ActiveCfg = Debug|Any CPU
		{E89E9B64-A22C-4225-9698-340134FC944E}.Debug|Any CPU.Build.0 = Debug|Any CPU
		{E89E9B64-A22C-4225-9698-340134FC944E}.Debug|x64.ActiveCfg = Debug|Any CPU
		{E89E9B64-A22C-4225-9698-340134FC944E}.Debug|x64.Build.0 = Debug|Any CPU
		{E89E9B64-A22C-4225-9698-340134FC944E}.Debug|x86.ActiveCfg = Debug|Any CPU
		{E89E9B64-A22C-4225-9698-340134FC944E}.Debug|x86.Build.0 = Debug|Any CPU
		{E89E9B64-A22C-4225-9698-340134FC944E}.Release|Any CPU.ActiveCfg = Release|Any CPU
		{E89E9B64-A22C-4225-9698-340134FC944E}.Release|Any CPU.Build.0 = Release|Any CPU
		{E89E9B64-A22C-4225-9698-340134FC944E}.Release|x64.ActiveCfg = Release|Any CPU
		{E89E9B64-A22C-4225-9698-340134FC944E}.Release|x64.Build.0 = Release|Any CPU
		{E89E9B64-A22C-4225-9698-340134FC944E}.Release|x86.ActiveCfg = Release|Any CPU
		{E89E9B64-A22C-4225-9698-340134FC944E}.Release|x86.Build.0 = Release|Any CPU
		{A7D687B6-5D36-44A5-8F44-6C6136A0BF54}.Debug|Any CPU.ActiveCfg = Debug|Any CPU
		{A7D687B6-5D36-44A5-8F44-6C6136A0BF54}.Debug|Any CPU.Build.0 = Debug|Any CPU
		{A7D687B6-5D36-44A5-8F44-6C6136A0BF54}.Debug|x64.ActiveCfg = Debug|Any CPU
		{A7D687B6-5D36-44A5-8F44-6C6136A0BF54}.Debug|x64.Build.0 = Debug|Any CPU
		{A7D687B6-5D36-44A5-8F44-6C6136A0BF54}.Debug|x86.ActiveCfg = Debug|Any CPU
		{A7D687B6-5D36-44A5-8F44-6C6136A0BF54}.Debug|x86.Build.0 = Debug|Any CPU
		{A7D687B6-5D36-44A5-8F44-6C6136A0BF54}.Release|Any CPU.ActiveCfg = Release|Any CPU
		{A7D687B6-5D36-44A5-8F44-6C6136A0BF54}.Release|Any CPU.Build.0 = Release|Any CPU
		{A7D687B6-5D36-44A5-8F44-6C6136A0BF54}.Release|x64.ActiveCfg = Release|Any CPU
		{A7D687B6-5D36-44A5-8F44-6C6136A0BF54}.Release|x64.Build.0 = Release|Any CPU
		{A7D687B6-5D36-44A5-8F44-6C6136A0BF54}.Release|x86.ActiveCfg = Release|Any CPU
		{A7D687B6-5D36-44A5-8F44-6C6136A0BF54}.Release|x86.Build.0 = Release|Any CPU
	EndGlobalSection
	GlobalSection(SolutionProperties) = preSolution
		HideSolutionNode = FALSE
	EndGlobalSection
	GlobalSection(NestedProjects) = preSolution
		{E51A1075-2D76-4988-AF2E-9569569E9FA6} = {F68C9B86-0237-04C5-AA20-7E8075A1DBB5}
		{42BC4377-A346-47B1-B5AB-E67EE3AC95AF} = {F68C9B86-0237-04C5-AA20-7E8075A1DBB5}
		{088DCE6B-1D07-4116-A83A-F62824AF7DDD} = {2C0AB0F8-48BE-8086-6893-5891D084EB51}
		{D007C8AE-3D98-423B-A259-0E6E2A038CCE} = {F68C9B86-0237-04C5-AA20-7E8075A1DBB5}
		{A6DB3EEF-E96F-4462-9F85-248A98744C9A} = {F68C9B86-0237-04C5-AA20-7E8075A1DBB5}
		{26A26513-1C90-4A7C-A734-75848EF8CD98} = {2C0AB0F8-48BE-8086-6893-5891D084EB51}
		{D73A22E5-FF2C-4283-823A-32D8D4139546} = {F68C9B86-0237-04C5-AA20-7E8075A1DBB5}
		{DE29F072-B88E-42B1-8377-FB98668350DF} = {F68C9B86-0237-04C5-AA20-7E8075A1DBB5}
		{CB9D9AF1-57EC-4B20-B02F-CF22EE7ED2E2} = {F68C9B86-0237-04C5-AA20-7E8075A1DBB5}
		{E89E9B64-A22C-4225-9698-340134FC944E} = {2C0AB0F8-48BE-8086-6893-5891D084EB51}
	EndGlobalSection
EndGlobal
